
Microsoft Visual Studio Solution File, Format Version 12.00
# Visual Studio Version 17
VisualStudioVersion = 17.8.34525.116
MinimumVisualStudioVersion = 10.0.40219.1
Project("{FAE04EC0-301F-11D3-BF4B-00C04F79EFBC}") = "UniTools", "UniTools.csproj", "{2539B87C-1A43-4F88-A4C6-2B2BF5F0B20D}"
EndProject
Global
	GlobalSection(SolutionConfigurationPlatforms) = preSolution
		Debug|Any CPU = Debug|Any CPU
		Release|Any CPU = Release|Any CPU
	EndGlobalSection
	GlobalSection(ProjectConfigurationPlatforms) = postSolution
		{2539B87C-1A43-4F88-A4C6-2B2BF5F0B20D}.Debug|Any CPU.ActiveCfg = Debug|Any CPU
		{2539B87C-1A43-4F88-A4C6-2B2BF5F0B20D}.Debug|Any CPU.Build.0 = Debug|Any CPU
		{2539B87C-1A43-4F88-A4C6-2B2BF5F0B20D}.Release|Any CPU.ActiveCfg = Release|Any CPU
		{2539B87C-1A43-4F88-A4C6-2B2BF5F0B20D}.Release|Any CPU.Build.0 = Release|Any CPU
	EndGlobalSection
	GlobalSection(SolutionProperties) = preSolution
		HideSolutionNode = FALSE
	EndGlobalSection
	GlobalSection(ExtensibilityGlobals) = postSolution
		SolutionGuid = {8ACC8DC1-5225-448E-B85B-6A91721C51F3}
	EndGlobalSection
EndGlobal
